
Microsoft Visual Studio Solution File, Format Version 12.00
# Visual Studio Version 17
VisualStudioVersion = 17.11.35222.181
MinimumVisualStudioVersion = 10.0.40219.1
Project("{FAE04EC0-301F-11D3-BF4B-00C04F79EFBC}") = "Galaxies1", "Galaxies1\Galaxies1.csproj", "{D059DAFD-E352-4F2B-97DA-8BBCDECB23B0}"
EndProject
Global
	GlobalSection(SolutionConfigurationPlatforms) = preSolution
		Debug|Any CPU = Debug|Any CPU
		Release|Any CPU = Release|Any CPU
	EndGlobalSection
	GlobalSection(ProjectConfigurationPlatforms) = postSolution
		{D059DAFD-E352-4F2B-97DA-8BBCDECB23B0}.Debug|Any CPU.ActiveCfg = Debug|Any CPU
		{D059DAFD-E352-4F2B-97DA-8BBCDECB23B0}.Debug|Any CPU.Build.0 = Debug|Any CPU
		{D059DAFD-E352-4F2B-97DA-8BBCDECB23B0}.Release|Any CPU.ActiveCfg = Release|Any CPU
		{D059DAFD-E352-4F2B-97DA-8BBCDECB23B0}.Release|Any CPU.Build.0 = Release|Any CPU
	EndGlobalSection
	GlobalSection(SolutionProperties) = preSolution
		HideSolutionNode = FALSE
	EndGlobalSection
	GlobalSection(ExtensibilityGlobals) = postSolution
		SolutionGuid = {9A59BEF3-06CD-4880-8D6F-62435D97EDB1}
	EndGlobalSection
EndGlobal
